
Microsoft Visual Studio Solution File, Format Version 12.00
# Visual Studio Version 17
VisualStudioVersion = 17.10.35027.167
MinimumVisualStudioVersion = 10.0.40219.1
Project("{FAE04EC0-301F-11D3-BF4B-00C04F79EFBC}") = "pryDesafioDos", "pryDesafioDos.csproj", "{BFE4470E-AD0A-4AAC-9E13-81096C7DB56B}"
EndProject
Global
	GlobalSection(SolutionConfigurationPlatforms) = preSolution
		Debug|Any CPU = Debug|Any CPU
		Release|Any CPU = Release|Any CPU
	EndGlobalSection
	GlobalSection(ProjectConfigurationPlatforms) = postSolution
		{BFE4470E-AD0A-4AAC-9E13-81096C7DB56B}.Debug|Any CPU.ActiveCfg = Debug|Any CPU
		{BFE4470E-AD0A-4AAC-9E13-81096C7DB56B}.Debug|Any CPU.Build.0 = Debug|Any CPU
		{BFE4470E-AD0A-4AAC-9E13-81096C7DB56B}.Release|Any CPU.ActiveCfg = Release|Any CPU
		{BFE4470E-AD0A-4AAC-9E13-81096C7DB56B}.Release|Any CPU.Build.0 = Release|Any CPU
	EndGlobalSection
	GlobalSection(SolutionProperties) = preSolution
		HideSolutionNode = FALSE
	EndGlobalSection
	GlobalSection(ExtensibilityGlobals) = postSolution
		SolutionGuid = {64B00A9F-F4B0-4264-A51C-4096E49C8DE2}
	EndGlobalSection
EndGlobal
